
Microsoft Visual Studio Solution File, Format Version 11.00
# Visual Studio 2010
Project("{FAE04EC0-301F-11D3-BF4B-00C04F79EFBC}") = "PVenta", "PVenta\PVenta.csproj", "{6D259897-D900-40EB-943F-86AC7CF233C5}"
EndProject
Global
	GlobalSection(SolutionConfigurationPlatforms) = preSolution
		Debug|x86 = Debug|x86
		Release|x86 = Release|x86
	EndGlobalSection
	GlobalSection(ProjectConfigurationPlatforms) = postSolution
		{6D259897-D900-40EB-943F-86AC7CF233C5}.Debug|x86.ActiveCfg = Debug|x86
		{6D259897-D900-40EB-943F-86AC7CF233C5}.Debug|x86.Build.0 = Debug|x86
		{6D259897-D900-40EB-943F-86AC7CF233C5}.Release|x86.ActiveCfg = Release|x86
		{6D259897-D900-40EB-943F-86AC7CF233C5}.Release|x86.Build.0 = Release|x86
	EndGlobalSection
	GlobalSection(MonoDevelopProperties) = preSolution
		StartupItem = PVenta\PVenta.csproj
	EndGlobalSection
EndGlobal
